
Microsoft Visual Studio Solution File, Format Version 12.00
# Visual Studio Version 17
VisualStudioVersion = 17.0.31903.59
MinimumVisualStudioVersion = 10.0.40219.1
Project("{FAE04EC0-301F-11D3-BF4B-00C04F79EFBC}") = "API", "API\API.csproj", "{545A050D-BC8D-4518-85B0-CEAFCA5A19A3}"
EndProject
Project("{FAE04EC0-301F-11D3-BF4B-00C04F79EFBC}") = "Core", "Core\Core.csproj", "{E89F28D8-7F71-4B35-A6D4-CDA65DC15977}"
EndProject
Project("{FAE04EC0-301F-11D3-BF4B-00C04F79EFBC}") = "Infrastructure", "Infrastructure\Infrastructure.csproj", "{E9818A3F-8FD9-4FF6-8856-4F3E31F60AEB}"
EndProject
Global
	GlobalSection(SolutionConfigurationPlatforms) = preSolution
		Debug|Any CPU = Debug|Any CPU
		Release|Any CPU = Release|Any CPU
	EndGlobalSection
	GlobalSection(SolutionProperties) = preSolution
		HideSolutionNode = FALSE
	EndGlobalSection
	GlobalSection(ProjectConfigurationPlatforms) = postSolution
		{545A050D-BC8D-4518-85B0-CEAFCA5A19A3}.Debug|Any CPU.ActiveCfg = Debug|Any CPU
		{545A050D-BC8D-4518-85B0-CEAFCA5A19A3}.Debug|Any CPU.Build.0 = Debug|Any CPU
		{545A050D-BC8D-4518-85B0-CEAFCA5A19A3}.Release|Any CPU.ActiveCfg = Release|Any CPU
		{545A050D-BC8D-4518-85B0-CEAFCA5A19A3}.Release|Any CPU.Build.0 = Release|Any CPU
		{E89F28D8-7F71-4B35-A6D4-CDA65DC15977}.Debug|Any CPU.ActiveCfg = Debug|Any CPU
		{E89F28D8-7F71-4B35-A6D4-CDA65DC15977}.Debug|Any CPU.Build.0 = Debug|Any CPU
		{E89F28D8-7F71-4B35-A6D4-CDA65DC15977}.Release|Any CPU.ActiveCfg = Release|Any CPU
		{E89F28D8-7F71-4B35-A6D4-CDA65DC15977}.Release|Any CPU.Build.0 = Release|Any CPU
		{E9818A3F-8FD9-4FF6-8856-4F3E31F60AEB}.Debug|Any CPU.ActiveCfg = Debug|Any CPU
		{E9818A3F-8FD9-4FF6-8856-4F3E31F60AEB}.Debug|Any CPU.Build.0 = Debug|Any CPU
		{E9818A3F-8FD9-4FF6-8856-4F3E31F60AEB}.Release|Any CPU.ActiveCfg = Release|Any CPU
		{E9818A3F-8FD9-4FF6-8856-4F3E31F60AEB}.Release|Any CPU.Build.0 = Release|Any CPU
	EndGlobalSection
EndGlobal
